// !$*UTF8*$!
{
	archiveVersion = 1;
	classes = {
	};
	objectVersion = 46;
	objects = {

/* Begin PBXBuildFile section */
		F69C3CED18ADA8840044009B /* main.c in Sources */ = {isa = PBXBuildFile; fileRef = F69C3CEC18ADA8840044009B /* main.c */; };
		F69C3CEF18ADA8840044009B /* C__.1 in CopyFiles */ = {isa = PBXBuildFile; fileRef = F69C3CEE18ADA8840044009B /* C__.1 */; };
		F69C3CF718ADA89E0044009B /* data.c in Sources */ = {isa = PBXBuildFile; fileRef = F69C3CF518ADA89E0044009B /* data.c */; };
		F69C3CF818ADA89E0044009B /* to_string.c in Sources */ = {isa = PBXBuildFile; fileRef = F69C3CF618ADA89E0044009B /* to_string.c */; };
		F69C3CFA18ADA96F0044009B /* ratio.c in Sources */ = {isa = PBXBuildFile; fileRef = F69C3CF918ADA96F0044009B /* ratio.c */; };
		F69C3CFC18ADAF560044009B /* lexer_parser.c in Sources */ = {isa = PBXBuildFile; fileRef = F69C3CFB18ADAF560044009B /* lexer_parser.c */; };
		F69C3CFE18ADB4620044009B /* funcs.c in Sources */ = {isa = PBXBuildFile; fileRef = F69C3CFD18ADB4620044009B /* funcs.c */; };
		F69C3D0018ADDDEA0044009B /* string_funcs.c in Sources */ = {isa = PBXBuildFile; fileRef = F69C3CFF18ADDDEA0044009B /* string_funcs.c */; };
		F69C3D0218ADDEDD0044009B /* pair_funcs.c in Sources */ = {isa = PBXBuildFile; fileRef = F69C3D0118ADDEDD0044009B /* pair_funcs.c */; };
/* End PBXBuildFile section */

/* Begin PBXCopyFilesBuildPhase section */
		F69C3CE718ADA8840044009B /* CopyFiles */ = {
			isa = PBXCopyFilesBuildPhase;
			buildActionMask = 2147483647;
			dstPath = /usr/share/man/man1/;
			dstSubfolderSpec = 0;
			files = (
				F69C3CEF18ADA8840044009B /* C__.1 in CopyFiles */,
			);
			runOnlyForDeploymentPostprocessing = 1;
		};
/* End PBXCopyFilesBuildPhase section */

/* Begin PBXFileReference section */
		F69C3CE918ADA8840044009B /* C__ */ = {isa = PBXFileReference; explicitFileType = "compiled.mach-o.executable"; includeInIndex = 0; path = C__; sourceTree = BUILT_PRODUCTS_DIR; };
		F69C3CEC18ADA8840044009B /* main.c */ = {isa = PBXFileReference; lastKnownFileType = sourcecode.c.c; path = main.c; sourceTree = "<group>"; };
		F69C3CEE18ADA8840044009B /* C__.1 */ = {isa = PBXFileReference; lastKnownFileType = text.man; path = C__.1; sourceTree = "<group>"; };
		F69C3CF518ADA89E0044009B /* data.c */ = {isa = PBXFileReference; fileEncoding = 4; lastKnownFileType = sourcecode.c.c; path = data.c; sourceTree = "<group>"; };
		F69C3CF618ADA89E0044009B /* to_string.c */ = {isa = PBXFileReference; fileEncoding = 4; lastKnownFileType = sourcecode.c.c; path = to_string.c; sourceTree = "<group>"; };
		F69C3CF918ADA96F0044009B /* ratio.c */ = {isa = PBXFileReference; fileEncoding = 4; lastKnownFileType = sourcecode.c.c; path = ratio.c; sourceTree = "<group>"; };
		F69C3CFB18ADAF560044009B /* lexer_parser.c */ = {isa = PBXFileReference; fileEncoding = 4; lastKnownFileType = sourcecode.c.c; path = lexer_parser.c; sourceTree = "<group>"; };
		F69C3CFD18ADB4620044009B /* funcs.c */ = {isa = PBXFileReference; fileEncoding = 4; lastKnownFileType = sourcecode.c.c; path = funcs.c; sourceTree = "<group>"; };
		F69C3CFF18ADDDEA0044009B /* string_funcs.c */ = {isa = PBXFileReference; fileEncoding = 4; lastKnownFileType = sourcecode.c.c; path = string_funcs.c; sourceTree = "<group>"; };
		F69C3D0118ADDEDD0044009B /* pair_funcs.c */ = {isa = PBXFileReference; fileEncoding = 4; lastKnownFileType = sourcecode.c.c; path = pair_funcs.c; sourceTree = "<group>"; };
/* End PBXFileReference section */

/* Begin PBXFrameworksBuildPhase section */
		F69C3CE618ADA8840044009B /* Frameworks */ = {
			isa = PBXFrameworksBuildPhase;
			buildActionMask = 2147483647;
			files = (
			);
			runOnlyForDeploymentPostprocessing = 0;
		};
/* End PBXFrameworksBuildPhase section */

/* Begin PBXGroup section */
		F69C3CE018ADA8840044009B = {
			isa = PBXGroup;
			children = (
				F69C3CEB18ADA8840044009B /* C__ */,
				F69C3CEA18ADA8840044009B /* Products */,
			);
			sourceTree = "<group>";
		};
		F69C3CEA18ADA8840044009B /* Products */ = {
			isa = PBXGroup;
			children = (
				F69C3CE918ADA8840044009B /* C__ */,
			);
			name = Products;
			sourceTree = "<group>";
		};
		F69C3CEB18ADA8840044009B /* C__ */ = {
			isa = PBXGroup;
			children = (
				F69C3CF518ADA89E0044009B /* data.c */,
				F69C3CF918ADA96F0044009B /* ratio.c */,
				F69C3CF618ADA89E0044009B /* to_string.c */,
				F69C3CFF18ADDDEA0044009B /* string_funcs.c */,
				F69C3D0118ADDEDD0044009B /* pair_funcs.c */,
				F69C3CEC18ADA8840044009B /* main.c */,
				F69C3CFB18ADAF560044009B /* lexer_parser.c */,
				F69C3CEE18ADA8840044009B /* C__.1 */,
				F69C3CFD18ADB4620044009B /* funcs.c */,
			);
			path = C__;
			sourceTree = "<group>";
		};
/* End PBXGroup section */

/* Begin PBXNativeTarget section */
		F69C3CE818ADA8840044009B /* C__ */ = {
			isa = PBXNativeTarget;
			buildConfigurationList = F69C3CF218ADA8840044009B /* Build configuration list for PBXNativeTarget "C__" */;
			buildPhases = (
				F69C3CE518ADA8840044009B /* Sources */,
				F69C3CE618ADA8840044009B /* Frameworks */,
				F69C3CE718ADA8840044009B /* CopyFiles */,
			);
			buildRules = (
			);
			dependencies = (
			);
			name = C__;
			productName = C__;
			productReference = F69C3CE918ADA8840044009B /* C__ */;
			productType = "com.apple.product-type.tool";
		};
/* End PBXNativeTarget section */

/* Begin PBXProject section */
		F69C3CE118ADA8840044009B /* Project object */ = {
			isa = PBXProject;
			attributes = {
				LastUpgradeCheck = 0500;
				ORGANIZATIONNAME = WangYiyi;
			};
			buildConfigurationList = F69C3CE418ADA8840044009B /* Build configuration list for PBXProject "C__" */;
			compatibilityVersion = "Xcode 3.2";
			developmentRegion = English;
			hasScannedForEncodings = 0;
			knownRegions = (
				en,
			);
			mainGroup = F69C3CE018ADA8840044009B;
			productRefGroup = F69C3CEA18ADA8840044009B /* Products */;
			projectDirPath = "";
			projectRoot = "";
			targets = (
				F69C3CE818ADA8840044009B /* C__ */,
			);
		};
/* End PBXProject section */

/* Begin PBXSourcesBuildPhase section */
		F69C3CE518ADA8840044009B /* Sources */ = {
			isa = PBXSourcesBuildPhase;
			buildActionMask = 2147483647;
			files = (
				F69C3CED18ADA8840044009B /* main.c in Sources */,
				F69C3CF818ADA89E0044009B /* to_string.c in Sources */,
				F69C3CF718ADA89E0044009B /* data.c in Sources */,
				F69C3CFE18ADB4620044009B /* funcs.c in Sources */,
				F69C3CFC18ADAF560044009B /* lexer_parser.c in Sources */,
				F69C3CFA18ADA96F0044009B /* ratio.c in Sources */,
				F69C3D0018ADDDEA0044009B /* string_funcs.c in Sources */,
				F69C3D0218ADDEDD0044009B /* pair_funcs.c in Sources */,
			);
			runOnlyForDeploymentPostprocessing = 0;
		};
/* End PBXSourcesBuildPhase section */

/* Begin XCBuildConfiguration section */
		F69C3CF018ADA8840044009B /* Debug */ = {
			isa = XCBuildConfiguration;
			buildSettings = {
				ALWAYS_SEARCH_USER_PATHS = NO;
				CLANG_CXX_LANGUAGE_STANDARD = "gnu++0x";
				CLANG_CXX_LIBRARY = "libc++";
				CLANG_ENABLE_OBJC_ARC = YES;
				CLANG_WARN_BOOL_CONVERSION = YES;
				CLANG_WARN_CONSTANT_CONVERSION = YES;
				CLANG_WARN_DIRECT_OBJC_ISA_USAGE = YES_ERROR;
				CLANG_WARN_EMPTY_BODY = YES;
				CLANG_WARN_ENUM_CONVERSION = YES;
				CLANG_WARN_INT_CONVERSION = YES;
				CLANG_WARN_OBJC_ROOT_CLASS = YES_ERROR;
				CLANG_WARN__DUPLICATE_METHOD_MATCH = YES;
				COPY_PHASE_STRIP = NO;
				GCC_C_LANGUAGE_STANDARD = gnu99;
				GCC_DYNAMIC_NO_PIC = NO;
				GCC_ENABLE_OBJC_EXCEPTIONS = YES;
				GCC_OPTIMIZATION_LEVEL = 0;
				GCC_PREPROCESSOR_DEFINITIONS = (
					"DEBUG=1",
					"$(inherited)",
				);
				GCC_SYMBOLS_PRIVATE_EXTERN = NO;
				GCC_WARN_64_TO_32_BIT_CONVERSION = YES;
				GCC_WARN_ABOUT_RETURN_TYPE = YES_ERROR;
				GCC_WARN_UNDECLARED_SELECTOR = YES;
				GCC_WARN_UNINITIALIZED_AUTOS = YES;
				GCC_WARN_UNUSED_FUNCTION = YES;
				GCC_WARN_UNUSED_VARIABLE = YES;
				MACOSX_DEPLOYMENT_TARGET = 10.9;
				ONLY_ACTIVE_ARCH = YES;
				SDKROOT = macosx;
			};
			name = Debug;
		};
		F69C3CF118ADA8840044009B /* Release */ = {
			isa = XCBuildConfiguration;
			buildSettings = {
				ALWAYS_SEARCH_USER_PATHS = NO;
				CLANG_CXX_LANGUAGE_STANDARD = "gnu++0x";
				CLANG_CXX_LIBRARY = "libc++";
				CLANG_ENABLE_OBJC_ARC = YES;
				CLANG_WARN_BOOL_CONVERSION = YES;
				CLANG_WARN_CONSTANT_CONVERSION = YES;
				CLANG_WARN_DIRECT_OBJC_ISA_USAGE = YES_ERROR;
				CLANG_WARN_EMPTY_BODY = YES;
				CLANG_WARN_ENUM_CONVERSION = YES;
				CLANG_WARN_INT_CONVERSION = YES;
				CLANG_WARN_OBJC_ROOT_CLASS = YES_ERROR;
				CLANG_WARN__DUPLICATE_METHOD_MATCH = YES;
				COPY_PHASE_STRIP = YES;
				DEBUG_INFORMATION_FORMAT = "dwarf-with-dsym";
				ENABLE_NS_ASSERTIONS = NO;
				GCC_C_LANGUAGE_STANDARD = gnu99;
				GCC_ENABLE_OBJC_EXCEPTIONS = YES;
				GCC_WARN_64_TO_32_BIT_CONVERSION = YES;
				GCC_WARN_ABOUT_RETURN_TYPE = YES_ERROR;
				GCC_WARN_UNDECLARED_SELECTOR = YES;
				GCC_WARN_UNINITIALIZED_AUTOS = YES;
				GCC_WARN_UNUSED_FUNCTION = YES;
				GCC_WARN_UNUSED_VARIABLE = YES;
				MACOSX_DEPLOYMENT_TARGET = 10.9;
				SDKROOT = macosx;
			};
			name = Release;
		};
		F69C3CF318ADA8840044009B /* Debug */ = {
			isa = XCBuildConfiguration;
			buildSettings = {
				PRODUCT_NAME = "$(TARGET_NAME)";
			};
			name = Debug;
		};
		F69C3CF418ADA8840044009B /* Release */ = {
			isa = XCBuildConfiguration;
			buildSettings = {
				PRODUCT_NAME = "$(TARGET_NAME)";
			};
			name = Release;
		};
/* End XCBuildConfiguration section */

/* Begin XCConfigurationList section */
		F69C3CE418ADA8840044009B /* Build configuration list for PBXProject "C__" */ = {
			isa = XCConfigurationList;
			buildConfigurations = (
				F69C3CF018ADA8840044009B /* Debug */,
				F69C3CF118ADA8840044009B /* Release */,
			);
			defaultConfigurationIsVisible = 0;
			defaultConfigurationName = Release;
		};
		F69C3CF218ADA8840044009B /* Build configuration list for PBXNativeTarget "C__" */ = {
			isa = XCConfigurationList;
			buildConfigurations = (
				F69C3CF318ADA8840044009B /* Debug */,
				F69C3CF418ADA8840044009B /* Release */,
			);
			defaultConfigurationIsVisible = 0;
			defaultConfigurationName = Release;
		};
/* End XCConfigurationList section */
	};
	rootObject = F69C3CE118ADA8840044009B /* Project object */;
}
